# This file is generated by running "yarn install" inside your project.
# Manual changes might be lost - proceed with caution!

__metadata:
  version: 8
  cacheKey: 10c0

"@my-org/package1@workspace:packages/package1":
  version: 0.0.0-use.local
  resolution: "@my-org/package1@workspace:packages/package1"
  languageName: unknown
  linkType: soft

"@my-org/package2@workspace:packages/package2":
  version: 0.0.0-use.local
  resolution: "@my-org/package2@workspace:packages/package2"
  languageName: unknown
  linkType: soft

"test-package@workspace:.":
  version: 0.0.0-use.local
  resolution: "test-package@workspace:."
  languageName: unknown
  linkType: soft
